
Microsoft Visual Studio Solution File, Format Version 12.00
# Visual Studio Version 16
VisualStudioVersion = 16.0.29509.3
MinimumVisualStudioVersion = 10.0.40219.1
Project("{FAE04EC0-301F-11D3-BF4B-00C04F79EFBC}") = "ChuckleWebAPI", "ChuckleWebAPI\ChuckleWebAPI.csproj", "{90FBDB60-DEA2-4A77-B6F0-A5729E3CED85}"
EndProject
Project("{FAE04EC0-301F-11D3-BF4B-00C04F79EFBC}") = "ChuckleAPITest", "ChuckleAPITest\ChuckleAPITest.csproj", "{E2D9F447-78D8-4ABE-A576-A4A879559E83}"
EndProject
Global
	GlobalSection(SolutionConfigurationPlatforms) = preSolution
		Debug|Any CPU = Debug|Any CPU
		Release|Any CPU = Release|Any CPU
	EndGlobalSection
	GlobalSection(ProjectConfigurationPlatforms) = postSolution
		{90FBDB60-DEA2-4A77-B6F0-A5729E3CED85}.Debug|Any CPU.ActiveCfg = Debug|Any CPU
		{90FBDB60-DEA2-4A77-B6F0-A5729E3CED85}.Debug|Any CPU.Build.0 = Debug|Any CPU
		{90FBDB60-DEA2-4A77-B6F0-A5729E3CED85}.Release|Any CPU.ActiveCfg = Release|Any CPU
		{90FBDB60-DEA2-4A77-B6F0-A5729E3CED85}.Release|Any CPU.Build.0 = Release|Any CPU
		{E2D9F447-78D8-4ABE-A576-A4A879559E83}.Debug|Any CPU.ActiveCfg = Debug|Any CPU
		{E2D9F447-78D8-4ABE-A576-A4A879559E83}.Debug|Any CPU.Build.0 = Debug|Any CPU
		{E2D9F447-78D8-4ABE-A576-A4A879559E83}.Release|Any CPU.ActiveCfg = Release|Any CPU
		{E2D9F447-78D8-4ABE-A576-A4A879559E83}.Release|Any CPU.Build.0 = Release|Any CPU
	EndGlobalSection
	GlobalSection(SolutionProperties) = preSolution
		HideSolutionNode = FALSE
	EndGlobalSection
	GlobalSection(ExtensibilityGlobals) = postSolution
		SolutionGuid = {A22C6E97-FAA1-4AB5-B4CC-0BF3810AB4CF}
	EndGlobalSection
EndGlobal
